
Microsoft Visual Studio Solution File, Format Version 12.00
# Visual Studio Version 17
VisualStudioVersion = 17.7.34202.233
MinimumVisualStudioVersion = 10.0.40219.1
Project("{FAE04EC0-301F-11D3-BF4B-00C04F79EFBC}") = "TestingDockerSetup", "TestingDockerSetup\TestingDockerSetup.csproj", "{58195FEE-080D-439C-A0B5-F3EC1F11A11C}"
EndProject
Global
	GlobalSection(SolutionConfigurationPlatforms) = preSolution
		Debug|Any CPU = Debug|Any CPU
		Release|Any CPU = Release|Any CPU
	EndGlobalSection
	GlobalSection(ProjectConfigurationPlatforms) = postSolution
		{58195FEE-080D-439C-A0B5-F3EC1F11A11C}.Debug|Any CPU.ActiveCfg = Debug|Any CPU
		{58195FEE-080D-439C-A0B5-F3EC1F11A11C}.Debug|Any CPU.Build.0 = Debug|Any CPU
		{58195FEE-080D-439C-A0B5-F3EC1F11A11C}.Release|Any CPU.ActiveCfg = Release|Any CPU
		{58195FEE-080D-439C-A0B5-F3EC1F11A11C}.Release|Any CPU.Build.0 = Release|Any CPU
	EndGlobalSection
	GlobalSection(SolutionProperties) = preSolution
		HideSolutionNode = FALSE
	EndGlobalSection
	GlobalSection(ExtensibilityGlobals) = postSolution
		SolutionGuid = {40A3EDED-FDED-40AF-8827-C21CE047D300}
	EndGlobalSection
EndGlobal
